
Microsoft Visual Studio Solution File, Format Version 12.00
# Visual Studio Version 16
VisualStudioVersion = 16.0.30804.86
MinimumVisualStudioVersion = 10.0.40219.1
Project("{FAE04EC0-301F-11D3-BF4B-00C04F79EFBC}") = "AcademicProgressTrackerWPF", "AcademicProgressTrackerWPF\AcademicProgressTrackerWPF.csproj", "{3969F6BD-746E-43FE-B053-33F317BA276F}"
EndProject
Project("{FAE04EC0-301F-11D3-BF4B-00C04F79EFBC}") = "AcademicProgressTrackerBLL", "AcademicProgressTrackerBLL\AcademicProgressTrackerBLL.csproj", "{4D2697C1-E462-4301-A1F8-9822013D14CC}"
EndProject
Global
	GlobalSection(SolutionConfigurationPlatforms) = preSolution
		Debug|Any CPU = Debug|Any CPU
		Release|Any CPU = Release|Any CPU
	EndGlobalSection
	GlobalSection(ProjectConfigurationPlatforms) = postSolution
		{3969F6BD-746E-43FE-B053-33F317BA276F}.Debug|Any CPU.ActiveCfg = Debug|Any CPU
		{3969F6BD-746E-43FE-B053-33F317BA276F}.Debug|Any CPU.Build.0 = Debug|Any CPU
		{3969F6BD-746E-43FE-B053-33F317BA276F}.Release|Any CPU.ActiveCfg = Release|Any CPU
		{3969F6BD-746E-43FE-B053-33F317BA276F}.Release|Any CPU.Build.0 = Release|Any CPU
		{4D2697C1-E462-4301-A1F8-9822013D14CC}.Debug|Any CPU.ActiveCfg = Debug|Any CPU
		{4D2697C1-E462-4301-A1F8-9822013D14CC}.Debug|Any CPU.Build.0 = Debug|Any CPU
		{4D2697C1-E462-4301-A1F8-9822013D14CC}.Release|Any CPU.ActiveCfg = Release|Any CPU
		{4D2697C1-E462-4301-A1F8-9822013D14CC}.Release|Any CPU.Build.0 = Release|Any CPU
	EndGlobalSection
	GlobalSection(SolutionProperties) = preSolution
		HideSolutionNode = FALSE
	EndGlobalSection
	GlobalSection(ExtensibilityGlobals) = postSolution
		SolutionGuid = {02B0B26C-B2C7-47B5-AE00-8471FE04BABF}
	EndGlobalSection
EndGlobal
